
Microsoft Visual Studio Solution File, Format Version 12.00
# Visual Studio 15
VisualStudioVersion = 15.0.27130.2027
MinimumVisualStudioVersion = 10.0.40219.1
Project("{9A19103F-16F7-4668-BE54-9A1E7A4F7556}") = "IdentityServerApp", "IdentityServerApp\IdentityServerApp.csproj", "{5F8109B5-84EB-460C-B4E4-09A353597E9A}"
EndProject
Project("{9A19103F-16F7-4668-BE54-9A1E7A4F7556}") = "ApiApp", "ApiApp\ApiApp.csproj", "{313442A1-BEBE-4342-9F84-50F0B1318FF3}"
EndProject
Project("{9A19103F-16F7-4668-BE54-9A1E7A4F7556}") = "ClientConsoleApp", "ClientConsoleApp\ClientConsoleApp.csproj", "{178F1922-C758-4E8C-8E9D-3AEC1156C213}"
EndProject
Project("{FAE04EC0-301F-11D3-BF4B-00C04F79EFBC}") = "ClientMvcApp", "ClientMvcApp\ClientMvcApp.csproj", "{23FD7B89-92DC-43D6-B290-D5366EBC04A8}"
EndProject
Global
	GlobalSection(SolutionConfigurationPlatforms) = preSolution
		Debug|Any CPU = Debug|Any CPU
		Release|Any CPU = Release|Any CPU
	EndGlobalSection
	GlobalSection(ProjectConfigurationPlatforms) = postSolution
		{5F8109B5-84EB-460C-B4E4-09A353597E9A}.Debug|Any CPU.ActiveCfg = Debug|Any CPU
		{5F8109B5-84EB-460C-B4E4-09A353597E9A}.Debug|Any CPU.Build.0 = Debug|Any CPU
		{5F8109B5-84EB-460C-B4E4-09A353597E9A}.Release|Any CPU.ActiveCfg = Release|Any CPU
		{5F8109B5-84EB-460C-B4E4-09A353597E9A}.Release|Any CPU.Build.0 = Release|Any CPU
		{313442A1-BEBE-4342-9F84-50F0B1318FF3}.Debug|Any CPU.ActiveCfg = Debug|Any CPU
		{313442A1-BEBE-4342-9F84-50F0B1318FF3}.Debug|Any CPU.Build.0 = Debug|Any CPU
		{313442A1-BEBE-4342-9F84-50F0B1318FF3}.Release|Any CPU.ActiveCfg = Release|Any CPU
		{313442A1-BEBE-4342-9F84-50F0B1318FF3}.Release|Any CPU.Build.0 = Release|Any CPU
		{178F1922-C758-4E8C-8E9D-3AEC1156C213}.Debug|Any CPU.ActiveCfg = Debug|Any CPU
		{178F1922-C758-4E8C-8E9D-3AEC1156C213}.Debug|Any CPU.Build.0 = Debug|Any CPU
		{178F1922-C758-4E8C-8E9D-3AEC1156C213}.Release|Any CPU.ActiveCfg = Release|Any CPU
		{178F1922-C758-4E8C-8E9D-3AEC1156C213}.Release|Any CPU.Build.0 = Release|Any CPU
		{23FD7B89-92DC-43D6-B290-D5366EBC04A8}.Debug|Any CPU.ActiveCfg = Debug|Any CPU
		{23FD7B89-92DC-43D6-B290-D5366EBC04A8}.Debug|Any CPU.Build.0 = Debug|Any CPU
		{23FD7B89-92DC-43D6-B290-D5366EBC04A8}.Release|Any CPU.ActiveCfg = Release|Any CPU
		{23FD7B89-92DC-43D6-B290-D5366EBC04A8}.Release|Any CPU.Build.0 = Release|Any CPU
	EndGlobalSection
	GlobalSection(SolutionProperties) = preSolution
		HideSolutionNode = FALSE
	EndGlobalSection
	GlobalSection(ExtensibilityGlobals) = postSolution
		SolutionGuid = {021C7905-5575-4F51-A86E-46E6A2CC5D02}
	EndGlobalSection
EndGlobal
